
Microsoft Visual Studio Solution File, Format Version 12.00
# Visual Studio 2013
VisualStudioVersion = 12.0.30501.0
MinimumVisualStudioVersion = 10.0.40219.1
Project("{2150E333-8FDC-42A3-9474-1A3956D46DE8}") = "GifRenderer", "GifRenderer", "{A63CCFBD-164C-4896-9306-25FF73E85DD4}"
EndProject
Project("{8BC9CEB8-8B4A-11D0-8D11-00A0C91BC942}") = "GifRenderer.Shared", "GifRenderer.Shared\GifRenderer.Shared.vcxitems", "{ED38C92B-F8D2-459B-9A7F-4A215D689993}"
EndProject
Project("{8BC9CEB8-8B4A-11D0-8D11-00A0C91BC942}") = "GifRenderer.Windows", "GifRenderer.Windows\GifRenderer.Windows.vcxproj", "{57985DF4-90BC-4B9F-B1FC-291A30A48156}"
EndProject
Project("{8BC9CEB8-8B4A-11D0-8D11-00A0C91BC942}") = "GifRenderer.WindowsPhone", "GifRenderer.WindowsPhone\GifRenderer.WindowsPhone.vcxproj", "{03EFE940-9E63-48F1-9194-71BD3676FB3B}"
EndProject
Project("{2150E333-8FDC-42A3-9474-1A3956D46DE8}") = "TestUI", "TestUI", "{9577030E-8B4C-4789-95DB-348466C9500B}"
EndProject
Project("{D954291E-2A0B-460D-934E-DC6B0785DB48}") = "TestUI.Shared", "TestUI\TestUI.Shared\TestUI.Shared.shproj", "{DCFEFDE9-307E-42A0-A84A-790D9CAA1A8A}"
EndProject
Project("{FAE04EC0-301F-11D3-BF4B-00C04F79EFBC}") = "TestUI.Windows", "TestUI\TestUI.Windows\TestUI.Windows.csproj", "{A7A71152-B1D7-4A78-B873-4163B11D5780}"
EndProject
Project("{FAE04EC0-301F-11D3-BF4B-00C04F79EFBC}") = "TestUI.WindowsPhone", "TestUI\TestUI.WindowsPhone\TestUI.WindowsPhone.csproj", "{97CE5FA0-EFE0-465D-BFA4-095301B9DF71}"
EndProject
Global
	GlobalSection(SharedMSBuildProjectFiles) = preSolution
		TestUI\TestUI.Shared\TestUI.Shared.projitems*{dcfefde9-307e-42a0-a84a-790d9caa1a8a}*SharedItemsImports = 13
		GifRenderer.Shared\GifRenderer.Shared.vcxitems*{03efe940-9e63-48f1-9194-71bd3676fb3b}*SharedItemsImports = 4
		GifRenderer.Shared\GifRenderer.Shared.vcxitems*{57985df4-90bc-4b9f-b1fc-291a30a48156}*SharedItemsImports = 4
		TestUI\TestUI.Shared\TestUI.Shared.projitems*{a7a71152-b1d7-4a78-b873-4163b11d5780}*SharedItemsImports = 4
		GifRenderer.Shared\GifRenderer.Shared.vcxitems*{ed38c92b-f8d2-459b-9a7f-4a215d689993}*SharedItemsImports = 9
		TestUI\TestUI.Shared\TestUI.Shared.projitems*{97ce5fa0-efe0-465d-bfa4-095301b9df71}*SharedItemsImports = 4
	EndGlobalSection
	GlobalSection(SolutionConfigurationPlatforms) = preSolution
		Debug|Any CPU = Debug|Any CPU
		Debug|ARM = Debug|ARM
		Debug|Mixed Platforms = Debug|Mixed Platforms
		Debug|Win32 = Debug|Win32
		Debug|x64 = Debug|x64
		Debug|x86 = Debug|x86
		Release|Any CPU = Release|Any CPU
		Release|ARM = Release|ARM
		Release|Mixed Platforms = Release|Mixed Platforms
		Release|Win32 = Release|Win32
		Release|x64 = Release|x64
		Release|x86 = Release|x86
	EndGlobalSection
	GlobalSection(ProjectConfigurationPlatforms) = postSolution
		{57985DF4-90BC-4B9F-B1FC-291A30A48156}.Debug|Any CPU.ActiveCfg = Debug|Win32
		{57985DF4-90BC-4B9F-B1FC-291A30A48156}.Debug|ARM.ActiveCfg = Debug|ARM
		{57985DF4-90BC-4B9F-B1FC-291A30A48156}.Debug|ARM.Build.0 = Debug|ARM
		{57985DF4-90BC-4B9F-B1FC-291A30A48156}.Debug|Mixed Platforms.ActiveCfg = Debug|Win32
		{57985DF4-90BC-4B9F-B1FC-291A30A48156}.Debug|Mixed Platforms.Build.0 = Debug|Win32
		{57985DF4-90BC-4B9F-B1FC-291A30A48156}.Debug|Win32.ActiveCfg = Debug|Win32
		{57985DF4-90BC-4B9F-B1FC-291A30A48156}.Debug|Win32.Build.0 = Debug|Win32
		{57985DF4-90BC-4B9F-B1FC-291A30A48156}.Debug|x64.ActiveCfg = Debug|x64
		{57985DF4-90BC-4B9F-B1FC-291A30A48156}.Debug|x64.Build.0 = Debug|x64
		{57985DF4-90BC-4B9F-B1FC-291A30A48156}.Debug|x86.ActiveCfg = Debug|Win32
		{57985DF4-90BC-4B9F-B1FC-291A30A48156}.Debug|x86.Build.0 = Debug|Win32
		{57985DF4-90BC-4B9F-B1FC-291A30A48156}.Release|Any CPU.ActiveCfg = Release|Win32
		{57985DF4-90BC-4B9F-B1FC-291A30A48156}.Release|ARM.ActiveCfg = Release|ARM
		{57985DF4-90BC-4B9F-B1FC-291A30A48156}.Release|ARM.Build.0 = Release|ARM
		{57985DF4-90BC-4B9F-B1FC-291A30A48156}.Release|Mixed Platforms.ActiveCfg = Release|Win32
		{57985DF4-90BC-4B9F-B1FC-291A30A48156}.Release|Mixed Platforms.Build.0 = Release|Win32
		{57985DF4-90BC-4B9F-B1FC-291A30A48156}.Release|Win32.ActiveCfg = Release|Win32
		{57985DF4-90BC-4B9F-B1FC-291A30A48156}.Release|Win32.Build.0 = Release|Win32
		{57985DF4-90BC-4B9F-B1FC-291A30A48156}.Release|x64.ActiveCfg = Release|x64
		{57985DF4-90BC-4B9F-B1FC-291A30A48156}.Release|x64.Build.0 = Release|x64
		{57985DF4-90BC-4B9F-B1FC-291A30A48156}.Release|x86.ActiveCfg = Release|Win32
		{57985DF4-90BC-4B9F-B1FC-291A30A48156}.Release|x86.Build.0 = Release|Win32
		{03EFE940-9E63-48F1-9194-71BD3676FB3B}.Debug|Any CPU.ActiveCfg = Debug|Win32
		{03EFE940-9E63-48F1-9194-71BD3676FB3B}.Debug|ARM.ActiveCfg = Debug|ARM
		{03EFE940-9E63-48F1-9194-71BD3676FB3B}.Debug|ARM.Build.0 = Debug|ARM
		{03EFE940-9E63-48F1-9194-71BD3676FB3B}.Debug|Mixed Platforms.ActiveCfg = Debug|Win32
		{03EFE940-9E63-48F1-9194-71BD3676FB3B}.Debug|Mixed Platforms.Build.0 = Debug|Win32
		{03EFE940-9E63-48F1-9194-71BD3676FB3B}.Debug|Win32.ActiveCfg = Debug|Win32
		{03EFE940-9E63-48F1-9194-71BD3676FB3B}.Debug|Win32.Build.0 = Debug|Win32
		{03EFE940-9E63-48F1-9194-71BD3676FB3B}.Debug|x64.ActiveCfg = Debug|Win32
		{03EFE940-9E63-48F1-9194-71BD3676FB3B}.Debug|x86.ActiveCfg = Debug|Win32
		{03EFE940-9E63-48F1-9194-71BD3676FB3B}.Debug|x86.Build.0 = Debug|Win32
		{03EFE940-9E63-48F1-9194-71BD3676FB3B}.Release|Any CPU.ActiveCfg = Release|Win32
		{03EFE940-9E63-48F1-9194-71BD3676FB3B}.Release|ARM.ActiveCfg = Release|ARM
		{03EFE940-9E63-48F1-9194-71BD3676FB3B}.Release|ARM.Build.0 = Release|ARM
		{03EFE940-9E63-48F1-9194-71BD3676FB3B}.Release|Mixed Platforms.ActiveCfg = Release|Win32
		{03EFE940-9E63-48F1-9194-71BD3676FB3B}.Release|Mixed Platforms.Build.0 = Release|Win32
		{03EFE940-9E63-48F1-9194-71BD3676FB3B}.Release|Win32.ActiveCfg = Release|Win32
		{03EFE940-9E63-48F1-9194-71BD3676FB3B}.Release|Win32.Build.0 = Release|Win32
		{03EFE940-9E63-48F1-9194-71BD3676FB3B}.Release|x64.ActiveCfg = Release|Win32
		{03EFE940-9E63-48F1-9194-71BD3676FB3B}.Release|x86.ActiveCfg = Release|Win32
		{03EFE940-9E63-48F1-9194-71BD3676FB3B}.Release|x86.Build.0 = Release|Win32
		{A7A71152-B1D7-4A78-B873-4163B11D5780}.Debug|Any CPU.ActiveCfg = Debug|Any CPU
		{A7A71152-B1D7-4A78-B873-4163B11D5780}.Debug|Any CPU.Build.0 = Debug|Any CPU
		{A7A71152-B1D7-4A78-B873-4163B11D5780}.Debug|Any CPU.Deploy.0 = Debug|Any CPU
		{A7A71152-B1D7-4A78-B873-4163B11D5780}.Debug|ARM.ActiveCfg = Debug|ARM
		{A7A71152-B1D7-4A78-B873-4163B11D5780}.Debug|ARM.Build.0 = Debug|ARM
		{A7A71152-B1D7-4A78-B873-4163B11D5780}.Debug|ARM.Deploy.0 = Debug|ARM
		{A7A71152-B1D7-4A78-B873-4163B11D5780}.Debug|Mixed Platforms.ActiveCfg = Debug|x86
		{A7A71152-B1D7-4A78-B873-4163B11D5780}.Debug|Mixed Platforms.Build.0 = Debug|x86
		{A7A71152-B1D7-4A78-B873-4163B11D5780}.Debug|Mixed Platforms.Deploy.0 = Debug|x86
		{A7A71152-B1D7-4A78-B873-4163B11D5780}.Debug|Win32.ActiveCfg = Debug|x86
		{A7A71152-B1D7-4A78-B873-4163B11D5780}.Debug|Win32.Build.0 = Debug|x86
		{A7A71152-B1D7-4A78-B873-4163B11D5780}.Debug|Win32.Deploy.0 = Debug|x86
		{A7A71152-B1D7-4A78-B873-4163B11D5780}.Debug|x64.ActiveCfg = Debug|x64
		{A7A71152-B1D7-4A78-B873-4163B11D5780}.Debug|x64.Build.0 = Debug|x64
		{A7A71152-B1D7-4A78-B873-4163B11D5780}.Debug|x64.Deploy.0 = Debug|x64
		{A7A71152-B1D7-4A78-B873-4163B11D5780}.Debug|x86.ActiveCfg = Debug|x86
		{A7A71152-B1D7-4A78-B873-4163B11D5780}.Debug|x86.Build.0 = Debug|x86
		{A7A71152-B1D7-4A78-B873-4163B11D5780}.Debug|x86.Deploy.0 = Debug|x86
		{A7A71152-B1D7-4A78-B873-4163B11D5780}.Release|Any CPU.ActiveCfg = Release|Any CPU
		{A7A71152-B1D7-4A78-B873-4163B11D5780}.Release|Any CPU.Build.0 = Release|Any CPU
		{A7A71152-B1D7-4A78-B873-4163B11D5780}.Release|Any CPU.Deploy.0 = Release|Any CPU
		{A7A71152-B1D7-4A78-B873-4163B11D5780}.Release|ARM.ActiveCfg = Release|ARM
		{A7A71152-B1D7-4A78-B873-4163B11D5780}.Release|ARM.Build.0 = Release|ARM
		{A7A71152-B1D7-4A78-B873-4163B11D5780}.Release|ARM.Deploy.0 = Release|ARM
		{A7A71152-B1D7-4A78-B873-4163B11D5780}.Release|Mixed Platforms.ActiveCfg = Release|x86
		{A7A71152-B1D7-4A78-B873-4163B11D5780}.Release|Mixed Platforms.Build.0 = Release|x86
		{A7A71152-B1D7-4A78-B873-4163B11D5780}.Release|Mixed Platforms.Deploy.0 = Release|x86
		{A7A71152-B1D7-4A78-B873-4163B11D5780}.Release|Win32.ActiveCfg = Release|x86
		{A7A71152-B1D7-4A78-B873-4163B11D5780}.Release|Win32.Build.0 = Release|x86
		{A7A71152-B1D7-4A78-B873-4163B11D5780}.Release|Win32.Deploy.0 = Release|x86
		{A7A71152-B1D7-4A78-B873-4163B11D5780}.Release|x64.ActiveCfg = Release|x64
		{A7A71152-B1D7-4A78-B873-4163B11D5780}.Release|x64.Build.0 = Release|x64
		{A7A71152-B1D7-4A78-B873-4163B11D5780}.Release|x64.Deploy.0 = Release|x64
		{A7A71152-B1D7-4A78-B873-4163B11D5780}.Release|x86.ActiveCfg = Release|x86
		{A7A71152-B1D7-4A78-B873-4163B11D5780}.Release|x86.Build.0 = Release|x86
		{A7A71152-B1D7-4A78-B873-4163B11D5780}.Release|x86.Deploy.0 = Release|x86
		{97CE5FA0-EFE0-465D-BFA4-095301B9DF71}.Debug|Any CPU.ActiveCfg = Debug|Any CPU
		{97CE5FA0-EFE0-465D-BFA4-095301B9DF71}.Debug|Any CPU.Build.0 = Debug|Any CPU
		{97CE5FA0-EFE0-465D-BFA4-095301B9DF71}.Debug|Any CPU.Deploy.0 = Debug|Any CPU
		{97CE5FA0-EFE0-465D-BFA4-095301B9DF71}.Debug|ARM.ActiveCfg = Debug|ARM
		{97CE5FA0-EFE0-465D-BFA4-095301B9DF71}.Debug|ARM.Build.0 = Debug|ARM
		{97CE5FA0-EFE0-465D-BFA4-095301B9DF71}.Debug|ARM.Deploy.0 = Debug|ARM
		{97CE5FA0-EFE0-465D-BFA4-095301B9DF71}.Debug|Mixed Platforms.ActiveCfg = Debug|x86
		{97CE5FA0-EFE0-465D-BFA4-095301B9DF71}.Debug|Mixed Platforms.Build.0 = Debug|x86
		{97CE5FA0-EFE0-465D-BFA4-095301B9DF71}.Debug|Mixed Platforms.Deploy.0 = Debug|x86
		{97CE5FA0-EFE0-465D-BFA4-095301B9DF71}.Debug|Win32.ActiveCfg = Debug|x86
		{97CE5FA0-EFE0-465D-BFA4-095301B9DF71}.Debug|Win32.Build.0 = Debug|x86
		{97CE5FA0-EFE0-465D-BFA4-095301B9DF71}.Debug|Win32.Deploy.0 = Debug|x86
		{97CE5FA0-EFE0-465D-BFA4-095301B9DF71}.Debug|x64.ActiveCfg = Debug|Any CPU
		{97CE5FA0-EFE0-465D-BFA4-095301B9DF71}.Debug|x86.ActiveCfg = Debug|x86
		{97CE5FA0-EFE0-465D-BFA4-095301B9DF71}.Debug|x86.Build.0 = Debug|x86
		{97CE5FA0-EFE0-465D-BFA4-095301B9DF71}.Debug|x86.Deploy.0 = Debug|x86
		{97CE5FA0-EFE0-465D-BFA4-095301B9DF71}.Release|Any CPU.ActiveCfg = Release|Any CPU
		{97CE5FA0-EFE0-465D-BFA4-095301B9DF71}.Release|Any CPU.Build.0 = Release|Any CPU
		{97CE5FA0-EFE0-465D-BFA4-095301B9DF71}.Release|Any CPU.Deploy.0 = Release|Any CPU
		{97CE5FA0-EFE0-465D-BFA4-095301B9DF71}.Release|ARM.ActiveCfg = Release|ARM
		{97CE5FA0-EFE0-465D-BFA4-095301B9DF71}.Release|ARM.Build.0 = Release|ARM
		{97CE5FA0-EFE0-465D-BFA4-095301B9DF71}.Release|ARM.Deploy.0 = Release|ARM
		{97CE5FA0-EFE0-465D-BFA4-095301B9DF71}.Release|Mixed Platforms.ActiveCfg = Release|x86
		{97CE5FA0-EFE0-465D-BFA4-095301B9DF71}.Release|Mixed Platforms.Build.0 = Release|x86
		{97CE5FA0-EFE0-465D-BFA4-095301B9DF71}.Release|Mixed Platforms.Deploy.0 = Release|x86
		{97CE5FA0-EFE0-465D-BFA4-095301B9DF71}.Release|Win32.ActiveCfg = Release|x86
		{97CE5FA0-EFE0-465D-BFA4-095301B9DF71}.Release|Win32.Build.0 = Release|x86
		{97CE5FA0-EFE0-465D-BFA4-095301B9DF71}.Release|Win32.Deploy.0 = Release|x86
		{97CE5FA0-EFE0-465D-BFA4-095301B9DF71}.Release|x64.ActiveCfg = Release|Any CPU
		{97CE5FA0-EFE0-465D-BFA4-095301B9DF71}.Release|x86.ActiveCfg = Release|x86
		{97CE5FA0-EFE0-465D-BFA4-095301B9DF71}.Release|x86.Build.0 = Release|x86
		{97CE5FA0-EFE0-465D-BFA4-095301B9DF71}.Release|x86.Deploy.0 = Release|x86
	EndGlobalSection
	GlobalSection(SolutionProperties) = preSolution
		HideSolutionNode = FALSE
	EndGlobalSection
	GlobalSection(NestedProjects) = preSolution
		{ED38C92B-F8D2-459B-9A7F-4A215D689993} = {A63CCFBD-164C-4896-9306-25FF73E85DD4}
		{57985DF4-90BC-4B9F-B1FC-291A30A48156} = {A63CCFBD-164C-4896-9306-25FF73E85DD4}
		{03EFE940-9E63-48F1-9194-71BD3676FB3B} = {A63CCFBD-164C-4896-9306-25FF73E85DD4}
		{DCFEFDE9-307E-42A0-A84A-790D9CAA1A8A} = {9577030E-8B4C-4789-95DB-348466C9500B}
		{A7A71152-B1D7-4A78-B873-4163B11D5780} = {9577030E-8B4C-4789-95DB-348466C9500B}
		{97CE5FA0-EFE0-465D-BFA4-095301B9DF71} = {9577030E-8B4C-4789-95DB-348466C9500B}
	EndGlobalSection
EndGlobal
